<?xml version="1.0" encoding="utf-8"?>
<Project ToolsVersion="4.0" xmlns="http://schemas.microsoft.com/developer/msbuild/2003">
  <ItemGroup>
    <Filter Include="Source Files">
      <UniqueIdentifier>{4FC737F1-C7A5-4376-A066-2A32D752A2FF}</UniqueIdentifier>
      <Extensions>cpp;c;cc;cxx;c++;cppm;ixx;def;odl;idl;hpj;bat;asm;asmx</Extensions>
    </Filter>
    <Filter Include="Header Files">
      <UniqueIdentifier>{93995380-89BD-4b04-88EB-625FBE52EBFB}</UniqueIdentifier>
      <Extensions>h;hh;hpp;hxx;h++;hm;inl;inc;ipp;xsd</Extensions>
    </Filter>
    <Filter Include="Resource Files">
      <UniqueIdentifier>{67DA6AB6-F800-4c08-8B7A-83BB121AAD01}</UniqueIdentifier>
      <Extensions>rc;ico;cur;bmp;dlg;rc2;rct;bin;rgs;gif;jpg;jpeg;jpe;resx;tiff;tif;png;wav;mfcribbon-ms</Extensions>
    </Filter>
  </ItemGroup>
  <ItemGroup>
    <ClCompile Include="C++.cpp">
      <Filter>Source Files</Filter>
    </ClCompile>
    <ClCompile Include="bai4-xoaphantu.cpp">
      <Filter>Source Files</Filter>
    </ClCompile>
    <ClCompile Include="bai5-themphantu.cpp">
      <Filter>Source Files</Filter>
    </ClCompile>
    <ClCompile Include="bai6-songuyento.cpp">
      <Filter>Source Files</Filter>
    </ClCompile>
    <ClCompile Include="bai7-demsolanxhcuapt.cpp">
      <Filter>Source Files</Filter>
    </ClCompile>
    <ClCompile Include="bai8-daydondieu.cpp">
      <Filter>Source Files</Filter>
    </ClCompile>
    <ClCompile Include="bai9-gop2daykhonggiam.cpp">
      <Filter>Source Files</Filter>
    </ClCompile>
    <ClCompile Include="bai10-tongmang2chieu.cpp">
      <Filter>Source Files</Filter>
    </ClCompile>
    <ClCompile Include="bai11-stringdaonguocchuoi.cpp">
      <Filter>Source Files</Filter>
    </ClCompile>
    <ClCompile Include="bai11.1.cpp">
      <Filter>Source Files</Filter>
    </ClCompile>
    <ClCompile Include="bai12-chuyensothanhmanhiphan.cpp">
      <Filter>Source Files</Filter>
    </ClCompile>
    <ClCompile Include="bai12.1-10sangoct.cpp">
      <Filter>Source Files</Filter>
    </ClCompile>
    <ClCompile Include="bai13-mophongphepnhantay.cpp">
      <Filter>Source Files</Filter>
    </ClCompile>
    <ClCompile Include="ctdlArray.cpp">
      <Filter>Source Files</Filter>
    </ClCompile>
    <ClCompile Include="Controstudio.cpp">
      <Filter>Source Files</Filter>
    </ClCompile>
    <ClCompile Include="class-car.cpp">
      <Filter>Source Files</Filter>
    </ClCompile>
    <ClCompile Include="class-QLSVTKTX.cpp">
      <Filter>Source Files</Filter>
    </ClCompile>
    <ClCompile Include="class-phanso.cpp">
      <Filter>Source Files</Filter>
    </ClCompile>
    <ClCompile Include="class-sinhvien.cpp">
      <Filter>Source Files</Filter>
    </ClCompile>
    <ClCompile Include="av.cpp">
      <Filter>Source Files</Filter>
    </ClCompile>
    <ClCompile Include="class-phanso2.cpp">
      <Filter>Source Files</Filter>
    </ClCompile>
    <ClCompile Include="vd.cpp">
      <Filter>Source Files</Filter>
    </ClCompile>
    <ClCompile Include="structlist.cpp">
      <Filter>Source Files</Filter>
    </ClCompile>
    <ClCompile Include="opptrenlop.cpp">
      <Filter>Source Files</Filter>
    </ClCompile>
    <ClCompile Include="Class.cpp">
      <Filter>Source Files</Filter>
    </ClCompile>
    <ClCompile Include="main.cpp">
      <Filter>Source Files</Filter>
    </ClCompile>
    <ClCompile Include="Phanso.cpp">
      <Filter>Source Files</Filter>
    </ClCompile>
    <ClCompile Include="Phanso1.cpp">
      <Filter>Source Files</Filter>
    </ClCompile>
    <ClCompile Include="main1.cpp">
      <Filter>Source Files</Filter>
    </ClCompile>
    <ClCompile Include="Donthuc.cpp">
      <Filter>Source Files</Filter>
    </ClCompile>
    <ClCompile Include="main2.cpp">
      <Filter>Source Files</Filter>
    </ClCompile>
    <ClCompile Include="Donthuc1.cpp">
      <Filter>Source Files</Filter>
    </ClCompile>
    <ClCompile Include="Donthuc2.cpp">
      <Filter>Source Files</Filter>
    </ClCompile>
    <ClCompile Include="class_btvn.cpp">
      <Filter>Source Files</Filter>
    </ClCompile>
    <ClCompile Include="danhsachlkd.cpp">
      <Filter>Source Files</Filter>
    </ClCompile>
    <ClCompile Include="dkls.cpp">
      <Filter>Source Files</Filter>
    </ClCompile>
    <ClCompile Include="nganxep.cpp">
      <Filter>Source Files</Filter>
    </ClCompile>
    <ClCompile Include="nganxep1.cpp">
      <Filter>Source Files</Filter>
    </ClCompile>
    <ClCompile Include="chuyendoihecoso.cpp">
      <Filter>Source Files</Filter>
    </ClCompile>
    <ClCompile Include="dslk_sinhvien.cpp">
      <Filter>Source Files</Filter>
    </ClCompile>
    <ClCompile Include="friend_class.cpp">
      <Filter>Source Files</Filter>
    </ClCompile>
    <ClCompile Include="class-phanso-nctt.cpp">
      <Filter>Source Files</Filter>
    </ClCompile>
    <ClCompile Include="kiemtra-oop.cpp">
      <Filter>Source Files</Filter>
    </ClCompile>
    <ClCompile Include="k_dslkd.cpp">
      <Filter>Source Files</Filter>
    </ClCompile>
    <ClCompile Include="k_main.cpp">
      <Filter>Source Files</Filter>
    </ClCompile>
    <ClCompile Include="Person.cpp">
      <Filter>Source Files</Filter>
    </ClCompile>
    <ClCompile Include="Person1.cpp">
      <Filter>Source Files</Filter>
    </ClCompile>
    <ClCompile Include="struct_dslkdvs1.cpp">
      <Filter>Source Files</Filter>
    </ClCompile>
    <ClCompile Include="nganxep_hauto.cpp">
      <Filter>Source Files</Filter>
    </ClCompile>
  </ItemGroup>
  <ItemGroup>
    <ClInclude Include="Class.h">
      <Filter>Header Files</Filter>
    </ClInclude>
    <ClInclude Include="Phanso.h">
      <Filter>Header Files</Filter>
    </ClInclude>
    <ClInclude Include="Donthuc.h">
      <Filter>Header Files</Filter>
    </ClInclude>
    <ClInclude Include="k_dslkd.h">
      <Filter>Header Files</Filter>
    </ClInclude>
    <ClInclude Include="Person.h">
      <Filter>Header Files</Filter>
    </ClInclude>
  </ItemGroup>
</Project>